
Microsoft Visual Studio Solution File, Format Version 12.00
# Visual Studio Version 16
VisualStudioVersion = 16.0.30611.23
MinimumVisualStudioVersion = 10.0.40219.1
Project("{FAE04EC0-301F-11D3-BF4B-00C04F79EFBC}") = "KnapsackProblem.CLI", "KnapsackProblem.CLI\KnapsackProblem.CLI.csproj", "{B8A57B6F-CB01-494B-B108-CC278B3B35DF}"
EndProject
Project("{FAE04EC0-301F-11D3-BF4B-00C04F79EFBC}") = "KnapsackProblem.Core", "KnapsackProblem.Core\KnapsackProblem.Core.csproj", "{B4CE8E0E-857D-4959-B2D7-70D60F2E8F3E}"
EndProject
Global
	GlobalSection(SolutionConfigurationPlatforms) = preSolution
		Debug|Any CPU = Debug|Any CPU
		Release|Any CPU = Release|Any CPU
	EndGlobalSection
	GlobalSection(ProjectConfigurationPlatforms) = postSolution
		{B8A57B6F-CB01-494B-B108-CC278B3B35DF}.Debug|Any CPU.ActiveCfg = Debug|Any CPU
		{B8A57B6F-CB01-494B-B108-CC278B3B35DF}.Debug|Any CPU.Build.0 = Debug|Any CPU
		{B8A57B6F-CB01-494B-B108-CC278B3B35DF}.Release|Any CPU.ActiveCfg = Release|Any CPU
		{B8A57B6F-CB01-494B-B108-CC278B3B35DF}.Release|Any CPU.Build.0 = Release|Any CPU
		{B4CE8E0E-857D-4959-B2D7-70D60F2E8F3E}.Debug|Any CPU.ActiveCfg = Debug|Any CPU
		{B4CE8E0E-857D-4959-B2D7-70D60F2E8F3E}.Debug|Any CPU.Build.0 = Debug|Any CPU
		{B4CE8E0E-857D-4959-B2D7-70D60F2E8F3E}.Release|Any CPU.ActiveCfg = Release|Any CPU
		{B4CE8E0E-857D-4959-B2D7-70D60F2E8F3E}.Release|Any CPU.Build.0 = Release|Any CPU
	EndGlobalSection
	GlobalSection(SolutionProperties) = preSolution
		HideSolutionNode = FALSE
	EndGlobalSection
	GlobalSection(ExtensibilityGlobals) = postSolution
		SolutionGuid = {FD81F826-D375-4542-9D1A-0443EF1CF109}
	EndGlobalSection
EndGlobal
